
Microsoft Visual Studio Solution File, Format Version 12.00
# Visual Studio Version 16
VisualStudioVersion = 16.0.30611.23
MinimumVisualStudioVersion = 10.0.40219.1
Project("{2150E333-8FDC-42A3-9474-1A3956D46DE8}") = "Tests", "Tests", "{D55875F8-9788-4AD0-9B49-0059E5600E90}"
EndProject
Project("{9A19103F-16F7-4668-BE54-9A1E7A4F7556}") = "XTI_TempLog.Tests", "Tests\XTI_TempLog.Tests\XTI_TempLog.Tests.csproj", "{E9E80B4C-6388-4DCA-8276-0745F392EA4D}"
EndProject
Project("{2150E333-8FDC-42A3-9474-1A3956D46DE8}") = "Apps", "Apps", "{42FA64A6-DBB5-471A-A9CD-1F3A9AB80F11}"
EndProject
Project("{9A19103F-16F7-4668-BE54-9A1E7A4F7556}") = "TempLogServiceApp", "Apps\TempLogServiceApp\TempLogServiceApp.csproj", "{66217526-F7B1-444F-B630-5C4C60E220D1}"
EndProject
Project("{2150E333-8FDC-42A3-9474-1A3956D46DE8}") = "Solution Items", "Solution Items", "{7C448B05-FE99-4A03-B8CF-0A9FBAE082D5}"
	ProjectSection(SolutionItems) = preProject
		TempLog.ps1 = TempLog.ps1
	EndProjectSection
EndProject
Project("{2150E333-8FDC-42A3-9474-1A3956D46DE8}") = "Internal", "Internal", "{0F0596C6-B311-4541-9A81-F671434FA4E9}"
EndProject
Project("{9A19103F-16F7-4668-BE54-9A1E7A4F7556}") = "XTI_TempLog.Api", "Internal\XTI_TempLog.Api\XTI_TempLog.Api.csproj", "{E9A9B589-B811-40FF-9F6B-44D2DC65FD5A}"
EndProject
Project("{9A19103F-16F7-4668-BE54-9A1E7A4F7556}") = "TempLogServiceApp.Extensions", "Internal\TempLogServiceApp.Extensions\TempLogServiceApp.Extensions.csproj", "{F1DFC03E-CB77-45D9-A134-B4887421C57A}"
EndProject
Project("{2150E333-8FDC-42A3-9474-1A3956D46DE8}") = "Tools", "Tools", "{B1BDB9D8-D146-4A00-8F7D-B63AC8A19139}"
EndProject
Project("{FAE04EC0-301F-11D3-BF4B-00C04F79EFBC}") = "TempLogTool", "Tools\TempLogTool\TempLogTool.csproj", "{AA2B328A-F371-4ABC-A205-1BE9F887FACA}"
EndProject
Global
	GlobalSection(SolutionConfigurationPlatforms) = preSolution
		Debug|Any CPU = Debug|Any CPU
		Release|Any CPU = Release|Any CPU
	EndGlobalSection
	GlobalSection(ProjectConfigurationPlatforms) = postSolution
		{E9E80B4C-6388-4DCA-8276-0745F392EA4D}.Debug|Any CPU.ActiveCfg = Debug|Any CPU
		{E9E80B4C-6388-4DCA-8276-0745F392EA4D}.Debug|Any CPU.Build.0 = Debug|Any CPU
		{E9E80B4C-6388-4DCA-8276-0745F392EA4D}.Release|Any CPU.ActiveCfg = Release|Any CPU
		{E9E80B4C-6388-4DCA-8276-0745F392EA4D}.Release|Any CPU.Build.0 = Release|Any CPU
		{66217526-F7B1-444F-B630-5C4C60E220D1}.Debug|Any CPU.ActiveCfg = Debug|Any CPU
		{66217526-F7B1-444F-B630-5C4C60E220D1}.Debug|Any CPU.Build.0 = Debug|Any CPU
		{66217526-F7B1-444F-B630-5C4C60E220D1}.Release|Any CPU.ActiveCfg = Release|Any CPU
		{66217526-F7B1-444F-B630-5C4C60E220D1}.Release|Any CPU.Build.0 = Release|Any CPU
		{E9A9B589-B811-40FF-9F6B-44D2DC65FD5A}.Debug|Any CPU.ActiveCfg = Debug|Any CPU
		{E9A9B589-B811-40FF-9F6B-44D2DC65FD5A}.Debug|Any CPU.Build.0 = Debug|Any CPU
		{E9A9B589-B811-40FF-9F6B-44D2DC65FD5A}.Release|Any CPU.ActiveCfg = Release|Any CPU
		{E9A9B589-B811-40FF-9F6B-44D2DC65FD5A}.Release|Any CPU.Build.0 = Release|Any CPU
		{F1DFC03E-CB77-45D9-A134-B4887421C57A}.Debug|Any CPU.ActiveCfg = Debug|Any CPU
		{F1DFC03E-CB77-45D9-A134-B4887421C57A}.Debug|Any CPU.Build.0 = Debug|Any CPU
		{F1DFC03E-CB77-45D9-A134-B4887421C57A}.Release|Any CPU.ActiveCfg = Release|Any CPU
		{F1DFC03E-CB77-45D9-A134-B4887421C57A}.Release|Any CPU.Build.0 = Release|Any CPU
		{AA2B328A-F371-4ABC-A205-1BE9F887FACA}.Debug|Any CPU.ActiveCfg = Debug|Any CPU
		{AA2B328A-F371-4ABC-A205-1BE9F887FACA}.Debug|Any CPU.Build.0 = Debug|Any CPU
		{AA2B328A-F371-4ABC-A205-1BE9F887FACA}.Release|Any CPU.ActiveCfg = Release|Any CPU
		{AA2B328A-F371-4ABC-A205-1BE9F887FACA}.Release|Any CPU.Build.0 = Release|Any CPU
	EndGlobalSection
	GlobalSection(SolutionProperties) = preSolution
		HideSolutionNode = FALSE
	EndGlobalSection
	GlobalSection(NestedProjects) = preSolution
		{E9E80B4C-6388-4DCA-8276-0745F392EA4D} = {D55875F8-9788-4AD0-9B49-0059E5600E90}
		{66217526-F7B1-444F-B630-5C4C60E220D1} = {42FA64A6-DBB5-471A-A9CD-1F3A9AB80F11}
		{E9A9B589-B811-40FF-9F6B-44D2DC65FD5A} = {0F0596C6-B311-4541-9A81-F671434FA4E9}
		{F1DFC03E-CB77-45D9-A134-B4887421C57A} = {0F0596C6-B311-4541-9A81-F671434FA4E9}
		{AA2B328A-F371-4ABC-A205-1BE9F887FACA} = {B1BDB9D8-D146-4A00-8F7D-B63AC8A19139}
	EndGlobalSection
	GlobalSection(ExtensibilityGlobals) = postSolution
		SolutionGuid = {FEDAC6F5-0BAD-41FC-A305-8F3E55A89992}
	EndGlobalSection
EndGlobal
